// !$*UTF8*$!
{
	archiveVersion = 1;
	classes = {
	};
	objectVersion = 56;
	objects = {

/* Begin PBXBuildFile section */
		A100000000000000000001 /* CouchWordApp.swift in Sources */ = {isa = PBXBuildFile; fileRef = B100000000000000000001 /* CouchWordApp.swift */; };
		A100000000000000000002 /* ContentView.swift in Sources */ = {isa = PBXBuildFile; fileRef = B100000000000000000002 /* ContentView.swift */; };
		A100000000000000000003 /* Puzzle.swift in Sources */ = {isa = PBXBuildFile; fileRef = B100000000000000000003 /* Puzzle.swift */; };
		A100000000000000000004 /* PuzzleGenerator.swift in Sources */ = {isa = PBXBuildFile; fileRef = B100000000000000000004 /* PuzzleGenerator.swift */; };
		A100000000000000000005 /* PuzzleViewModel.swift in Sources */ = {isa = PBXBuildFile; fileRef = B100000000000000000005 /* PuzzleViewModel.swift */; };
		A100000000000000000006 /* PuzzleGridView.swift in Sources */ = {isa = PBXBuildFile; fileRef = B100000000000000000006 /* PuzzleGridView.swift */; };
		A100000000000000000007 /* CellView.swift in Sources */ = {isa = PBXBuildFile; fileRef = B100000000000000000007 /* CellView.swift */; };
		A100000000000000000008 /* ClueListView.swift in Sources */ = {isa = PBXBuildFile; fileRef = B100000000000000000008 /* ClueListView.swift */; };
		A100000000000000000009 /* LetterInputView.swift in Sources */ = {isa = PBXBuildFile; fileRef = B100000000000000000009 /* LetterInputView.swift */; };
		A10000000000000000000A /* Assets.xcassets in Resources */ = {isa = PBXBuildFile; fileRef = B10000000000000000000A /* Assets.xcassets */; };
		A10000000000000000000B /* PuzzleTests.swift in Sources */ = {isa = PBXBuildFile; fileRef = B10000000000000000000B /* PuzzleTests.swift */; };
		A10000000000000000000C /* PuzzleViewModelTests.swift in Sources */ = {isa = PBXBuildFile; fileRef = B10000000000000000000C /* PuzzleViewModelTests.swift */; };
/* End PBXBuildFile section */

/* Begin PBXContainerItemProxy section */
		C200000000000000000001 /* PBXContainerItemProxy */ = {
			isa = PBXContainerItemProxy;
			containerPortal = D100000000000000000001 /* Project object */;
			proxyType = 1;
			remoteGlobalIDString = E100000000000000000001;
			remoteInfo = CouchWord;
		};
/* End PBXContainerItemProxy section */

/* Begin PBXFileReference section */
		B100000000000000000001 /* CouchWordApp.swift */ = {isa = PBXFileReference; lastKnownFileType = sourcecode.swift; path = CouchWordApp.swift; sourceTree = "<group>"; };
		B100000000000000000002 /* ContentView.swift */ = {isa = PBXFileReference; lastKnownFileType = sourcecode.swift; path = ContentView.swift; sourceTree = "<group>"; };
		B100000000000000000003 /* Puzzle.swift */ = {isa = PBXFileReference; lastKnownFileType = sourcecode.swift; path = Puzzle.swift; sourceTree = "<group>"; };
		B100000000000000000004 /* PuzzleGenerator.swift */ = {isa = PBXFileReference; lastKnownFileType = sourcecode.swift; path = PuzzleGenerator.swift; sourceTree = "<group>"; };
		B100000000000000000005 /* PuzzleViewModel.swift */ = {isa = PBXFileReference; lastKnownFileType = sourcecode.swift; path = PuzzleViewModel.swift; sourceTree = "<group>"; };
		B100000000000000000006 /* PuzzleGridView.swift */ = {isa = PBXFileReference; lastKnownFileType = sourcecode.swift; path = PuzzleGridView.swift; sourceTree = "<group>"; };
		B100000000000000000007 /* CellView.swift */ = {isa = PBXFileReference; lastKnownFileType = sourcecode.swift; path = CellView.swift; sourceTree = "<group>"; };
		B100000000000000000008 /* ClueListView.swift */ = {isa = PBXFileReference; lastKnownFileType = sourcecode.swift; path = ClueListView.swift; sourceTree = "<group>"; };
		B100000000000000000009 /* LetterInputView.swift */ = {isa = PBXFileReference; lastKnownFileType = sourcecode.swift; path = LetterInputView.swift; sourceTree = "<group>"; };
		B10000000000000000000A /* Assets.xcassets */ = {isa = PBXFileReference; lastKnownFileType = folder.assetcatalog; path = Assets.xcassets; sourceTree = "<group>"; };
		B10000000000000000000B /* PuzzleTests.swift */ = {isa = PBXFileReference; lastKnownFileType = sourcecode.swift; path = PuzzleTests.swift; sourceTree = "<group>"; };
		B10000000000000000000C /* PuzzleViewModelTests.swift */ = {isa = PBXFileReference; lastKnownFileType = sourcecode.swift; path = PuzzleViewModelTests.swift; sourceTree = "<group>"; };
		B10000000000000000000D /* CouchWord.app */ = {isa = PBXFileReference; explicitFileType = wrapper.application; includeInIndex = 0; path = CouchWord.app; sourceTree = BUILT_PRODUCTS_DIR; };
		B10000000000000000000E /* CouchWordTests.xctest */ = {isa = PBXFileReference; explicitFileType = wrapper.cfbundle; includeInIndex = 0; path = CouchWordTests.xctest; sourceTree = BUILT_PRODUCTS_DIR; };
/* End PBXFileReference section */

/* Begin PBXFrameworksBuildPhase section */
		F100000000000000000001 /* Frameworks */ = {
			isa = PBXFrameworksBuildPhase;
			buildActionMask = 2147483647;
			files = (
			);
			runOnlyForDeploymentPostprocessing = 0;
		};
		F100000000000000000002 /* Frameworks */ = {
			isa = PBXFrameworksBuildPhase;
			buildActionMask = 2147483647;
			files = (
			);
			runOnlyForDeploymentPostprocessing = 0;
		};
/* End PBXFrameworksBuildPhase section */

/* Begin PBXGroup section */
		G100000000000000000001 = {
			isa = PBXGroup;
			children = (
				G100000000000000000003 /* CouchWord */,
				G100000000000000000007 /* CouchWordTests */,
				G100000000000000000002 /* Products */,
			);
			sourceTree = "<group>";
		};
		G100000000000000000002 /* Products */ = {
			isa = PBXGroup;
			children = (
				B10000000000000000000D /* CouchWord.app */,
				B10000000000000000000E /* CouchWordTests.xctest */,
			);
			name = Products;
			sourceTree = "<group>";
		};
		G100000000000000000003 /* CouchWord */ = {
			isa = PBXGroup;
			children = (
				B100000000000000000001 /* CouchWordApp.swift */,
				B100000000000000000002 /* ContentView.swift */,
				G100000000000000000004 /* Models */,
				G100000000000000000005 /* ViewModels */,
				G100000000000000000006 /* Views */,
				B10000000000000000000A /* Assets.xcassets */,
			);
			path = CouchWord;
			sourceTree = "<group>";
		};
		G100000000000000000004 /* Models */ = {
			isa = PBXGroup;
			children = (
				B100000000000000000003 /* Puzzle.swift */,
				B100000000000000000004 /* PuzzleGenerator.swift */,
			);
			path = Models;
			sourceTree = "<group>";
		};
		G100000000000000000005 /* ViewModels */ = {
			isa = PBXGroup;
			children = (
				B100000000000000000005 /* PuzzleViewModel.swift */,
			);
			path = ViewModels;
			sourceTree = "<group>";
		};
		G100000000000000000006 /* Views */ = {
			isa = PBXGroup;
			children = (
				B100000000000000000006 /* PuzzleGridView.swift */,
				B100000000000000000007 /* CellView.swift */,
				B100000000000000000008 /* ClueListView.swift */,
				B100000000000000000009 /* LetterInputView.swift */,
			);
			path = Views;
			sourceTree = "<group>";
		};
		G100000000000000000007 /* CouchWordTests */ = {
			isa = PBXGroup;
			children = (
				B10000000000000000000B /* PuzzleTests.swift */,
				B10000000000000000000C /* PuzzleViewModelTests.swift */,
			);
			path = CouchWordTests;
			sourceTree = "<group>";
		};
/* End PBXGroup section */

/* Begin PBXNativeTarget section */
		E100000000000000000001 /* CouchWord */ = {
			isa = PBXNativeTarget;
			buildConfigurationList = F300000000000000000002 /* Build configuration list for PBXNativeTarget "CouchWord" */;
			buildPhases = (
				F200000000000000000001 /* Sources */,
				F100000000000000000001 /* Frameworks */,
				F200000000000000000003 /* Resources */,
			);
			buildRules = (
			);
			dependencies = (
			);
			name = CouchWord;
			productName = CouchWord;
			productReference = B10000000000000000000D /* CouchWord.app */;
			productType = "com.apple.product-type.application";
		};
		E100000000000000000002 /* CouchWordTests */ = {
			isa = PBXNativeTarget;
			buildConfigurationList = F300000000000000000003 /* Build configuration list for PBXNativeTarget "CouchWordTests" */;
			buildPhases = (
				F200000000000000000002 /* Sources */,
				F100000000000000000002 /* Frameworks */,
			);
			buildRules = (
			);
			dependencies = (
				C300000000000000000001 /* PBXTargetDependency */,
			);
			name = CouchWordTests;
			productName = CouchWordTests;
			productReference = B10000000000000000000E /* CouchWordTests.xctest */;
			productType = "com.apple.product-type.bundle.unit-test";
		};
/* End PBXNativeTarget section */

/* Begin PBXProject section */
		D100000000000000000001 /* Project object */ = {
			isa = PBXProject;
			attributes = {
				BuildIndependentTargetsInParallel = 1;
				LastSwiftUpdateCheck = 1600;
				LastUpgradeCheck = 1600;
				TargetAttributes = {
					E100000000000000000001 = {
						CreatedOnToolsVersion = 16.0;
					};
					E100000000000000000002 = {
						CreatedOnToolsVersion = 16.0;
						TestTargetID = E100000000000000000001;
					};
				};
			};
			buildConfigurationList = F300000000000000000001 /* Build configuration list for PBXProject "CouchWord" */;
			compatibilityVersion = "Xcode 14.0";
			developmentRegion = en;
			hasScannedForEncodings = 0;
			knownRegions = (
				en,
				Base,
			);
			mainGroup = G100000000000000000001;
			productRefGroup = G100000000000000000002 /* Products */;
			projectDirPath = "";
			projectRoot = "";
			targets = (
				E100000000000000000001 /* CouchWord */,
				E100000000000000000002 /* CouchWordTests */,
			);
		};
/* End PBXProject section */

/* Begin PBXResourcesBuildPhase section */
		F200000000000000000003 /* Resources */ = {
			isa = PBXResourcesBuildPhase;
			buildActionMask = 2147483647;
			files = (
				A10000000000000000000A /* Assets.xcassets in Resources */,
			);
			runOnlyForDeploymentPostprocessing = 0;
		};
/* End PBXResourcesBuildPhase section */

/* Begin PBXSourcesBuildPhase section */
		F200000000000000000001 /* Sources */ = {
			isa = PBXSourcesBuildPhase;
			buildActionMask = 2147483647;
			files = (
				A100000000000000000001 /* CouchWordApp.swift in Sources */,
				A100000000000000000002 /* ContentView.swift in Sources */,
				A100000000000000000003 /* Puzzle.swift in Sources */,
				A100000000000000000004 /* PuzzleGenerator.swift in Sources */,
				A100000000000000000005 /* PuzzleViewModel.swift in Sources */,
				A100000000000000000006 /* PuzzleGridView.swift in Sources */,
				A100000000000000000007 /* CellView.swift in Sources */,
				A100000000000000000008 /* ClueListView.swift in Sources */,
				A100000000000000000009 /* LetterInputView.swift in Sources */,
			);
			runOnlyForDeploymentPostprocessing = 0;
		};
		F200000000000000000002 /* Sources */ = {
			isa = PBXSourcesBuildPhase;
			buildActionMask = 2147483647;
			files = (
				A10000000000000000000B /* PuzzleTests.swift in Sources */,
				A10000000000000000000C /* PuzzleViewModelTests.swift in Sources */,
			);
			runOnlyForDeploymentPostprocessing = 0;
		};
/* End PBXSourcesBuildPhase section */

/* Begin PBXTargetDependency section */
		C300000000000000000001 /* PBXTargetDependency */ = {
			isa = PBXTargetDependency;
			target = E100000000000000000001 /* CouchWord */;
			targetProxy = C200000000000000000001 /* PBXContainerItemProxy */;
		};
/* End PBXTargetDependency section */

/* Begin XCBuildConfiguration section */
		F400000000000000000001 /* Debug */ = {
			isa = XCBuildConfiguration;
			buildSettings = {
				ALWAYS_SEARCH_USER_PATHS = NO;
				ASSETCATALOG_COMPILER_GENERATE_SWIFT_ASSET_SYMBOL_EXTENSIONS = YES;
				CLANG_ANALYZER_NONNULL = YES;
				CLANG_ANALYZER_NUMBER_OBJECT_CONVERSION = YES_AGGRESSIVE;
				CLANG_CXX_LANGUAGE_STANDARD = "gnu++20";
				CLANG_ENABLE_MODULES = YES;
				CLANG_ENABLE_OBJC_ARC = YES;
				CLANG_ENABLE_OBJC_WEAK = YES;
				CLANG_WARN_BLOCK_CAPTURE_AUTORELEASING = YES;
				CLANG_WARN_BOOL_CONVERSION = YES;
				CLANG_WARN_COMMA = YES;
				CLANG_WARN_CONSTANT_CONVERSION = YES;
				CLANG_WARN_DEPRECATED_OBJC_IMPLEMENTATIONS = YES;
				CLANG_WARN_DIRECT_OBJC_ISA_USAGE = YES_ERROR;
				CLANG_WARN_DOCUMENTATION_COMMENTS = YES;
				CLANG_WARN_EMPTY_BODY = YES;
				CLANG_WARN_ENUM_CONVERSION = YES;
				CLANG_WARN_INFINITE_RECURSION = YES;
				CLANG_WARN_INT_CONVERSION = YES;
				CLANG_WARN_NON_LITERAL_NULL_CONVERSION = YES;
				CLANG_WARN_OBJC_IMPLICIT_RETAIN_SELF = YES;
				CLANG_WARN_OBJC_LITERAL_CONVERSION = YES;
				CLANG_WARN_OBJC_ROOT_CLASS = YES_ERROR;
				CLANG_WARN_QUOTED_INCLUDE_IN_FRAMEWORK_HEADER = YES;
				CLANG_WARN_RANGE_LOOP_ANALYSIS = YES;
				CLANG_WARN_STRICT_PROTOTYPES = YES;
				CLANG_WARN_SUSPICIOUS_MOVE = YES;
				CLANG_WARN_UNGUARDED_AVAILABILITY = YES_AGGRESSIVE;
				CLANG_WARN_UNREACHABLE_CODE = YES;
				CLANG_WARN__DUPLICATE_METHOD_MATCH = YES;
				COPY_PHASE_STRIP = NO;
				DEBUG_INFORMATION_FORMAT = dwarf;
				ENABLE_STRICT_OBJC_MSGSEND = YES;
				ENABLE_TESTABILITY = YES;
				ENABLE_USER_SCRIPT_SANDBOXING = YES;
				GCC_C_LANGUAGE_STANDARD = gnu17;
				GCC_DYNAMIC_NO_PIC = NO;
				GCC_NO_COMMON_BLOCKS = YES;
				GCC_OPTIMIZATION_LEVEL = 0;
				GCC_PREPROCESSOR_DEFINITIONS = (
					"DEBUG=1",
					"$(inherited)",
				);
				GCC_WARN_64_TO_32_BIT_CONVERSION = YES;
				GCC_WARN_ABOUT_RETURN_TYPE = YES_ERROR;
				GCC_WARN_UNDECLARED_SELECTOR = YES;
				GCC_WARN_UNINITIALIZED_AUTOS = YES_AGGRESSIVE;
				GCC_WARN_UNUSED_FUNCTION = YES;
				GCC_WARN_UNUSED_VARIABLE = YES;
				MTL_ENABLE_DEBUG_INFO = INCLUDE_SOURCE;
				MTL_FAST_MATH = YES;
				ONLY_ACTIVE_ARCH = YES;
				SDKROOT = appletvos;
				SWIFT_ACTIVE_COMPILATION_CONDITIONS = "DEBUG $(inherited)";
				SWIFT_OPTIMIZATION_LEVEL = "-Onone";
				TVOS_DEPLOYMENT_TARGET = 17.0;
			};
			name = Debug;
		};
		F400000000000000000002 /* Release */ = {
			isa = XCBuildConfiguration;
			buildSettings = {
				ALWAYS_SEARCH_USER_PATHS = NO;
				ASSETCATALOG_COMPILER_GENERATE_SWIFT_ASSET_SYMBOL_EXTENSIONS = YES;
				CLANG_ANALYZER_NONNULL = YES;
				CLANG_ANALYZER_NUMBER_OBJECT_CONVERSION = YES_AGGRESSIVE;
				CLANG_CXX_LANGUAGE_STANDARD = "gnu++20";
				CLANG_ENABLE_MODULES = YES;
				CLANG_ENABLE_OBJC_ARC = YES;
				CLANG_ENABLE_OBJC_WEAK = YES;
				CLANG_WARN_BLOCK_CAPTURE_AUTORELEASING = YES;
				CLANG_WARN_BOOL_CONVERSION = YES;
				CLANG_WARN_COMMA = YES;
				CLANG_WARN_CONSTANT_CONVERSION = YES;
				CLANG_WARN_DEPRECATED_OBJC_IMPLEMENTATIONS = YES;
				CLANG_WARN_DIRECT_OBJC_ISA_USAGE = YES_ERROR;
				CLANG_WARN_DOCUMENTATION_COMMENTS = YES;
				CLANG_WARN_EMPTY_BODY = YES;
				CLANG_WARN_ENUM_CONVERSION = YES;
				CLANG_WARN_INFINITE_RECURSION = YES;
				CLANG_WARN_INT_CONVERSION = YES;
				CLANG_WARN_NON_LITERAL_NULL_CONVERSION = YES;
				CLANG_WARN_OBJC_IMPLICIT_RETAIN_SELF = YES;
				CLANG_WARN_OBJC_LITERAL_CONVERSION = YES;
				CLANG_WARN_OBJC_ROOT_CLASS = YES_ERROR;
				CLANG_WARN_QUOTED_INCLUDE_IN_FRAMEWORK_HEADER = YES;
				CLANG_WARN_RANGE_LOOP_ANALYSIS = YES;
				CLANG_WARN_STRICT_PROTOTYPES = YES;
				CLANG_WARN_SUSPICIOUS_MOVE = YES;
				CLANG_WARN_UNGUARDED_AVAILABILITY = YES_AGGRESSIVE;
				CLANG_WARN_UNREACHABLE_CODE = YES;
				CLANG_WARN__DUPLICATE_METHOD_MATCH = YES;
				COPY_PHASE_STRIP = NO;
				DEBUG_INFORMATION_FORMAT = "dwarf-with-dsym";
				ENABLE_NS_ASSERTIONS = NO;
				ENABLE_STRICT_OBJC_MSGSEND = YES;
				ENABLE_USER_SCRIPT_SANDBOXING = YES;
				GCC_C_LANGUAGE_STANDARD = gnu17;
				GCC_NO_COMMON_BLOCKS = YES;
				GCC_WARN_64_TO_32_BIT_CONVERSION = YES;
				GCC_WARN_ABOUT_RETURN_TYPE = YES_ERROR;
				GCC_WARN_UNDECLARED_SELECTOR = YES;
				GCC_WARN_UNINITIALIZED_AUTOS = YES_AGGRESSIVE;
				GCC_WARN_UNUSED_FUNCTION = YES;
				GCC_WARN_UNUSED_VARIABLE = YES;
				MTL_ENABLE_DEBUG_INFO = NO;
				MTL_FAST_MATH = YES;
				SDKROOT = appletvos;
				SWIFT_COMPILATION_MODE = wholemodule;
				TVOS_DEPLOYMENT_TARGET = 17.0;
				VALIDATE_PRODUCT = YES;
			};
			name = Release;
		};
		F400000000000000000003 /* Debug */ = {
			isa = XCBuildConfiguration;
			buildSettings = {
				ASSETCATALOG_COMPILER_APPICON_NAME = "App Icon & Top Shelf Image";
				ASSETCATALOG_COMPILER_GLOBAL_ACCENT_COLOR_NAME = AccentColor;
				CODE_SIGN_STYLE = Automatic;
				CURRENT_PROJECT_VERSION = 1;
				GENERATE_INFOPLIST_FILE = YES;
				INFOPLIST_KEY_UILaunchScreen_Generation = YES;
				INFOPLIST_KEY_UIUserInterfaceStyle = Automatic;
				LD_RUNPATH_SEARCH_PATHS = (
					"$(inherited)",
					"@executable_path/Frameworks",
				);
				MARKETING_VERSION = 1.0;
				PRODUCT_BUNDLE_IDENTIFIER = com.couchword.app;
				PRODUCT_NAME = "$(TARGET_NAME)";
				SWIFT_EMIT_LOC_STRINGS = YES;
				SWIFT_VERSION = 5.0;
				TARGETED_DEVICE_FAMILY = 3;
			};
			name = Debug;
		};
		F400000000000000000004 /* Release */ = {
			isa = XCBuildConfiguration;
			buildSettings = {
				ASSETCATALOG_COMPILER_APPICON_NAME = "App Icon & Top Shelf Image";
				ASSETCATALOG_COMPILER_GLOBAL_ACCENT_COLOR_NAME = AccentColor;
				CODE_SIGN_STYLE = Automatic;
				CURRENT_PROJECT_VERSION = 1;
				GENERATE_INFOPLIST_FILE = YES;
				INFOPLIST_KEY_UILaunchScreen_Generation = YES;
				INFOPLIST_KEY_UIUserInterfaceStyle = Automatic;
				LD_RUNPATH_SEARCH_PATHS = (
					"$(inherited)",
					"@executable_path/Frameworks",
				);
				MARKETING_VERSION = 1.0;
				PRODUCT_BUNDLE_IDENTIFIER = com.couchword.app;
				PRODUCT_NAME = "$(TARGET_NAME)";
				SWIFT_EMIT_LOC_STRINGS = YES;
				SWIFT_VERSION = 5.0;
				TARGETED_DEVICE_FAMILY = 3;
			};
			name = Release;
		};
		F400000000000000000005 /* Debug */ = {
			isa = XCBuildConfiguration;
			buildSettings = {
				BUNDLE_LOADER = "$(TEST_HOST)";
				CODE_SIGN_STYLE = Automatic;
				CURRENT_PROJECT_VERSION = 1;
				GENERATE_INFOPLIST_FILE = YES;
				MARKETING_VERSION = 1.0;
				PRODUCT_BUNDLE_IDENTIFIER = com.couchword.tests;
				PRODUCT_NAME = "$(TARGET_NAME)";
				SWIFT_EMIT_LOC_STRINGS = NO;
				SWIFT_VERSION = 5.0;
				TARGETED_DEVICE_FAMILY = 3;
				TEST_HOST = "$(BUILT_PRODUCTS_DIR)/CouchWord.app/CouchWord";
			};
			name = Debug;
		};
		F400000000000000000006 /* Release */ = {
			isa = XCBuildConfiguration;
			buildSettings = {
				BUNDLE_LOADER = "$(TEST_HOST)";
				CODE_SIGN_STYLE = Automatic;
				CURRENT_PROJECT_VERSION = 1;
				GENERATE_INFOPLIST_FILE = YES;
				MARKETING_VERSION = 1.0;
				PRODUCT_BUNDLE_IDENTIFIER = com.couchword.tests;
				PRODUCT_NAME = "$(TARGET_NAME)";
				SWIFT_EMIT_LOC_STRINGS = NO;
				SWIFT_VERSION = 5.0;
				TARGETED_DEVICE_FAMILY = 3;
				TEST_HOST = "$(BUILT_PRODUCTS_DIR)/CouchWord.app/CouchWord";
			};
			name = Release;
		};
/* End XCBuildConfiguration section */

/* Begin XCConfigurationList section */
		F300000000000000000001 /* Build configuration list for PBXProject "CouchWord" */ = {
			isa = XCConfigurationList;
			buildConfigurations = (
				F400000000000000000001 /* Debug */,
				F400000000000000000002 /* Release */,
			);
			defaultConfigurationIsVisible = 0;
			defaultConfigurationName = Release;
		};
		F300000000000000000002 /* Build configuration list for PBXNativeTarget "CouchWord" */ = {
			isa = XCConfigurationList;
			buildConfigurations = (
				F400000000000000000003 /* Debug */,
				F400000000000000000004 /* Release */,
			);
			defaultConfigurationIsVisible = 0;
			defaultConfigurationName = Release;
		};
		F300000000000000000003 /* Build configuration list for PBXNativeTarget "CouchWordTests" */ = {
			isa = XCConfigurationList;
			buildConfigurations = (
				F400000000000000000005 /* Debug */,
				F400000000000000000006 /* Release */,
			);
			defaultConfigurationIsVisible = 0;
			defaultConfigurationName = Release;
		};
/* End XCConfigurationList section */
	};
	rootObject = D100000000000000000001 /* Project object */;
}
